
Microsoft Visual Studio Solution File, Format Version 12.00
# Visual Studio 15
VisualStudioVersion = 15.0.28307.572
MinimumVisualStudioVersion = 10.0.40219.1
Project("{FAE04EC0-301F-11D3-BF4B-00C04F79EFBC}") = "DD4_Sheet.Android", "DD4_Sheet\DD4_Sheet.Android\DD4_Sheet.Android.csproj", "{6318E5D8-FC80-44DF-ACC7-BDAA7C998679}"
EndProject
Project("{FAE04EC0-301F-11D3-BF4B-00C04F79EFBC}") = "DD4_Sheet.iOS", "DD4_Sheet\DD4_Sheet.iOS\DD4_Sheet.iOS.csproj", "{1F70F954-FCBC-4CE7-9BCE-C6FD6E6A57CE}"
EndProject
Project("{FAE04EC0-301F-11D3-BF4B-00C04F79EFBC}") = "DD4_Sheet", "DD4_Sheet\DD4_Sheet\DD4_Sheet.csproj", "{43856459-063A-4FA0-AE73-B464938A0183}"
EndProject
Global
	GlobalSection(SolutionConfigurationPlatforms) = preSolution
		Ad-Hoc|Any CPU = Ad-Hoc|Any CPU
		Ad-Hoc|iPhone = Ad-Hoc|iPhone
		Ad-Hoc|iPhoneSimulator = Ad-Hoc|iPhoneSimulator
		AppStore|Any CPU = AppStore|Any CPU
		AppStore|iPhone = AppStore|iPhone
		AppStore|iPhoneSimulator = AppStore|iPhoneSimulator
		Debug|Any CPU = Debug|Any CPU
		Debug|iPhone = Debug|iPhone
		Debug|iPhoneSimulator = Debug|iPhoneSimulator
		Release|Any CPU = Release|Any CPU
		Release|iPhone = Release|iPhone
		Release|iPhoneSimulator = Release|iPhoneSimulator
	EndGlobalSection
	GlobalSection(ProjectConfigurationPlatforms) = postSolution
		{6318E5D8-FC80-44DF-ACC7-BDAA7C998679}.Ad-Hoc|Any CPU.ActiveCfg = Release|Any CPU
		{6318E5D8-FC80-44DF-ACC7-BDAA7C998679}.Ad-Hoc|Any CPU.Build.0 = Release|Any CPU
		{6318E5D8-FC80-44DF-ACC7-BDAA7C998679}.Ad-Hoc|Any CPU.Deploy.0 = Release|Any CPU
		{6318E5D8-FC80-44DF-ACC7-BDAA7C998679}.Ad-Hoc|iPhone.ActiveCfg = Release|Any CPU
		{6318E5D8-FC80-44DF-ACC7-BDAA7C998679}.Ad-Hoc|iPhone.Build.0 = Release|Any CPU
		{6318E5D8-FC80-44DF-ACC7-BDAA7C998679}.Ad-Hoc|iPhone.Deploy.0 = Release|Any CPU
		{6318E5D8-FC80-44DF-ACC7-BDAA7C998679}.Ad-Hoc|iPhoneSimulator.ActiveCfg = Release|Any CPU
		{6318E5D8-FC80-44DF-ACC7-BDAA7C998679}.Ad-Hoc|iPhoneSimulator.Build.0 = Release|Any CPU
		{6318E5D8-FC80-44DF-ACC7-BDAA7C998679}.Ad-Hoc|iPhoneSimulator.Deploy.0 = Release|Any CPU
		{6318E5D8-FC80-44DF-ACC7-BDAA7C998679}.AppStore|Any CPU.ActiveCfg = Release|Any CPU
		{6318E5D8-FC80-44DF-ACC7-BDAA7C998679}.AppStore|Any CPU.Build.0 = Release|Any CPU
		{6318E5D8-FC80-44DF-ACC7-BDAA7C998679}.AppStore|Any CPU.Deploy.0 = Release|Any CPU
		{6318E5D8-FC80-44DF-ACC7-BDAA7C998679}.AppStore|iPhone.ActiveCfg = Release|Any CPU
		{6318E5D8-FC80-44DF-ACC7-BDAA7C998679}.AppStore|iPhone.Build.0 = Release|Any CPU
		{6318E5D8-FC80-44DF-ACC7-BDAA7C998679}.AppStore|iPhone.Deploy.0 = Release|Any CPU
		{6318E5D8-FC80-44DF-ACC7-BDAA7C998679}.AppStore|iPhoneSimulator.ActiveCfg = Release|Any CPU
		{6318E5D8-FC80-44DF-ACC7-BDAA7C998679}.AppStore|iPhoneSimulator.Build.0 = Release|Any CPU
		{6318E5D8-FC80-44DF-ACC7-BDAA7C998679}.AppStore|iPhoneSimulator.Deploy.0 = Release|Any CPU
		{6318E5D8-FC80-44DF-ACC7-BDAA7C998679}.Debug|Any CPU.ActiveCfg = Debug|Any CPU
		{6318E5D8-FC80-44DF-ACC7-BDAA7C998679}.Debug|Any CPU.Build.0 = Debug|Any CPU
		{6318E5D8-FC80-44DF-ACC7-BDAA7C998679}.Debug|Any CPU.Deploy.0 = Debug|Any CPU
		{6318E5D8-FC80-44DF-ACC7-BDAA7C998679}.Debug|iPhone.ActiveCfg = Debug|Any CPU
		{6318E5D8-FC80-44DF-ACC7-BDAA7C998679}.Debug|iPhone.Build.0 = Debug|Any CPU
		{6318E5D8-FC80-44DF-ACC7-BDAA7C998679}.Debug|iPhone.Deploy.0 = Debug|Any CPU
		{6318E5D8-FC80-44DF-ACC7-BDAA7C998679}.Debug|iPhoneSimulator.ActiveCfg = Debug|Any CPU
		{6318E5D8-FC80-44DF-ACC7-BDAA7C998679}.Debug|iPhoneSimulator.Build.0 = Debug|Any CPU
		{6318E5D8-FC80-44DF-ACC7-BDAA7C998679}.Debug|iPhoneSimulator.Deploy.0 = Debug|Any CPU
		{6318E5D8-FC80-44DF-ACC7-BDAA7C998679}.Release|Any CPU.ActiveCfg = Release|Any CPU
		{6318E5D8-FC80-44DF-ACC7-BDAA7C998679}.Release|Any CPU.Build.0 = Release|Any CPU
		{6318E5D8-FC80-44DF-ACC7-BDAA7C998679}.Release|Any CPU.Deploy.0 = Release|Any CPU
		{6318E5D8-FC80-44DF-ACC7-BDAA7C998679}.Release|iPhone.ActiveCfg = Release|Any CPU
		{6318E5D8-FC80-44DF-ACC7-BDAA7C998679}.Release|iPhone.Build.0 = Release|Any CPU
		{6318E5D8-FC80-44DF-ACC7-BDAA7C998679}.Release|iPhone.Deploy.0 = Release|Any CPU
		{6318E5D8-FC80-44DF-ACC7-BDAA7C998679}.Release|iPhoneSimulator.ActiveCfg = Release|Any CPU
		{6318E5D8-FC80-44DF-ACC7-BDAA7C998679}.Release|iPhoneSimulator.Build.0 = Release|Any CPU
		{6318E5D8-FC80-44DF-ACC7-BDAA7C998679}.Release|iPhoneSimulator.Deploy.0 = Release|Any CPU
		{1F70F954-FCBC-4CE7-9BCE-C6FD6E6A57CE}.Ad-Hoc|Any CPU.ActiveCfg = Ad-Hoc|iPhone
		{1F70F954-FCBC-4CE7-9BCE-C6FD6E6A57CE}.Ad-Hoc|Any CPU.Build.0 = Ad-Hoc|iPhone
		{1F70F954-FCBC-4CE7-9BCE-C6FD6E6A57CE}.Ad-Hoc|Any CPU.Deploy.0 = Ad-Hoc|iPhone
		{1F70F954-FCBC-4CE7-9BCE-C6FD6E6A57CE}.Ad-Hoc|iPhone.ActiveCfg = Ad-Hoc|iPhone
		{1F70F954-FCBC-4CE7-9BCE-C6FD6E6A57CE}.Ad-Hoc|iPhone.Build.0 = Ad-Hoc|iPhone
		{1F70F954-FCBC-4CE7-9BCE-C6FD6E6A57CE}.Ad-Hoc|iPhone.Deploy.0 = Ad-Hoc|iPhone
		{1F70F954-FCBC-4CE7-9BCE-C6FD6E6A57CE}.Ad-Hoc|iPhoneSimulator.ActiveCfg = Ad-Hoc|iPhoneSimulator
		{1F70F954-FCBC-4CE7-9BCE-C6FD6E6A57CE}.Ad-Hoc|iPhoneSimulator.Build.0 = Ad-Hoc|iPhoneSimulator
		{1F70F954-FCBC-4CE7-9BCE-C6FD6E6A57CE}.Ad-Hoc|iPhoneSimulator.Deploy.0 = Ad-Hoc|iPhoneSimulator
		{1F70F954-FCBC-4CE7-9BCE-C6FD6E6A57CE}.AppStore|Any CPU.ActiveCfg = AppStore|iPhone
		{1F70F954-FCBC-4CE7-9BCE-C6FD6E6A57CE}.AppStore|Any CPU.Build.0 = AppStore|iPhone
		{1F70F954-FCBC-4CE7-9BCE-C6FD6E6A57CE}.AppStore|Any CPU.Deploy.0 = AppStore|iPhone
		{1F70F954-FCBC-4CE7-9BCE-C6FD6E6A57CE}.AppStore|iPhone.ActiveCfg = AppStore|iPhone
		{1F70F954-FCBC-4CE7-9BCE-C6FD6E6A57CE}.AppStore|iPhone.Build.0 = AppStore|iPhone
		{1F70F954-FCBC-4CE7-9BCE-C6FD6E6A57CE}.AppStore|iPhone.Deploy.0 = AppStore|iPhone
		{1F70F954-FCBC-4CE7-9BCE-C6FD6E6A57CE}.AppStore|iPhoneSimulator.ActiveCfg = AppStore|iPhoneSimulator
		{1F70F954-FCBC-4CE7-9BCE-C6FD6E6A57CE}.AppStore|iPhoneSimulator.Build.0 = AppStore|iPhoneSimulator
		{1F70F954-FCBC-4CE7-9BCE-C6FD6E6A57CE}.AppStore|iPhoneSimulator.Deploy.0 = AppStore|iPhoneSimulator
		{1F70F954-FCBC-4CE7-9BCE-C6FD6E6A57CE}.Debug|Any CPU.ActiveCfg = Debug|iPhoneSimulator
		{1F70F954-FCBC-4CE7-9BCE-C6FD6E6A57CE}.Debug|Any CPU.Build.0 = Debug|iPhoneSimulator
		{1F70F954-FCBC-4CE7-9BCE-C6FD6E6A57CE}.Debug|Any CPU.Deploy.0 = Debug|iPhoneSimulator
		{1F70F954-FCBC-4CE7-9BCE-C6FD6E6A57CE}.Debug|iPhone.ActiveCfg = Debug|iPhone
		{1F70F954-FCBC-4CE7-9BCE-C6FD6E6A57CE}.Debug|iPhone.Build.0 = Debug|iPhone
		{1F70F954-FCBC-4CE7-9BCE-C6FD6E6A57CE}.Debug|iPhone.Deploy.0 = Debug|iPhone
		{1F70F954-FCBC-4CE7-9BCE-C6FD6E6A57CE}.Debug|iPhoneSimulator.ActiveCfg = Debug|iPhoneSimulator
		{1F70F954-FCBC-4CE7-9BCE-C6FD6E6A57CE}.Debug|iPhoneSimulator.Build.0 = Debug|iPhoneSimulator
		{1F70F954-FCBC-4CE7-9BCE-C6FD6E6A57CE}.Debug|iPhoneSimulator.Deploy.0 = Debug|iPhoneSimulator
		{1F70F954-FCBC-4CE7-9BCE-C6FD6E6A57CE}.Release|Any CPU.ActiveCfg = Release|iPhone
		{1F70F954-FCBC-4CE7-9BCE-C6FD6E6A57CE}.Release|Any CPU.Build.0 = Release|iPhone
		{1F70F954-FCBC-4CE7-9BCE-C6FD6E6A57CE}.Release|Any CPU.Deploy.0 = Release|iPhone
		{1F70F954-FCBC-4CE7-9BCE-C6FD6E6A57CE}.Release|iPhone.ActiveCfg = Release|iPhone
		{1F70F954-FCBC-4CE7-9BCE-C6FD6E6A57CE}.Release|iPhone.Build.0 = Release|iPhone
		{1F70F954-FCBC-4CE7-9BCE-C6FD6E6A57CE}.Release|iPhone.Deploy.0 = Release|iPhone
		{1F70F954-FCBC-4CE7-9BCE-C6FD6E6A57CE}.Release|iPhoneSimulator.ActiveCfg = Release|iPhoneSimulator
		{1F70F954-FCBC-4CE7-9BCE-C6FD6E6A57CE}.Release|iPhoneSimulator.Build.0 = Release|iPhoneSimulator
		{1F70F954-FCBC-4CE7-9BCE-C6FD6E6A57CE}.Release|iPhoneSimulator.Deploy.0 = Release|iPhoneSimulator
		{43856459-063A-4FA0-AE73-B464938A0183}.Ad-Hoc|Any CPU.ActiveCfg = Debug|Any CPU
		{43856459-063A-4FA0-AE73-B464938A0183}.Ad-Hoc|Any CPU.Build.0 = Debug|Any CPU
		{43856459-063A-4FA0-AE73-B464938A0183}.Ad-Hoc|Any CPU.Deploy.0 = Debug|Any CPU
		{43856459-063A-4FA0-AE73-B464938A0183}.Ad-Hoc|iPhone.ActiveCfg = Debug|Any CPU
		{43856459-063A-4FA0-AE73-B464938A0183}.Ad-Hoc|iPhone.Build.0 = Debug|Any CPU
		{43856459-063A-4FA0-AE73-B464938A0183}.Ad-Hoc|iPhone.Deploy.0 = Debug|Any CPU
		{43856459-063A-4FA0-AE73-B464938A0183}.Ad-Hoc|iPhoneSimulator.ActiveCfg = Debug|Any CPU
		{43856459-063A-4FA0-AE73-B464938A0183}.Ad-Hoc|iPhoneSimulator.Build.0 = Debug|Any CPU
		{43856459-063A-4FA0-AE73-B464938A0183}.Ad-Hoc|iPhoneSimulator.Deploy.0 = Debug|Any CPU
		{43856459-063A-4FA0-AE73-B464938A0183}.AppStore|Any CPU.ActiveCfg = Debug|Any CPU
		{43856459-063A-4FA0-AE73-B464938A0183}.AppStore|Any CPU.Build.0 = Debug|Any CPU
		{43856459-063A-4FA0-AE73-B464938A0183}.AppStore|Any CPU.Deploy.0 = Debug|Any CPU
		{43856459-063A-4FA0-AE73-B464938A0183}.AppStore|iPhone.ActiveCfg = Debug|Any CPU
		{43856459-063A-4FA0-AE73-B464938A0183}.AppStore|iPhone.Build.0 = Debug|Any CPU
		{43856459-063A-4FA0-AE73-B464938A0183}.AppStore|iPhone.Deploy.0 = Debug|Any CPU
		{43856459-063A-4FA0-AE73-B464938A0183}.AppStore|iPhoneSimulator.ActiveCfg = Debug|Any CPU
		{43856459-063A-4FA0-AE73-B464938A0183}.AppStore|iPhoneSimulator.Build.0 = Debug|Any CPU
		{43856459-063A-4FA0-AE73-B464938A0183}.AppStore|iPhoneSimulator.Deploy.0 = Debug|Any CPU
		{43856459-063A-4FA0-AE73-B464938A0183}.Debug|Any CPU.ActiveCfg = Debug|Any CPU
		{43856459-063A-4FA0-AE73-B464938A0183}.Debug|Any CPU.Build.0 = Debug|Any CPU
		{43856459-063A-4FA0-AE73-B464938A0183}.Debug|Any CPU.Deploy.0 = Debug|Any CPU
		{43856459-063A-4FA0-AE73-B464938A0183}.Debug|iPhone.ActiveCfg = Debug|Any CPU
		{43856459-063A-4FA0-AE73-B464938A0183}.Debug|iPhone.Build.0 = Debug|Any CPU
		{43856459-063A-4FA0-AE73-B464938A0183}.Debug|iPhone.Deploy.0 = Debug|Any CPU
		{43856459-063A-4FA0-AE73-B464938A0183}.Debug|iPhoneSimulator.ActiveCfg = Debug|Any CPU
		{43856459-063A-4FA0-AE73-B464938A0183}.Debug|iPhoneSimulator.Build.0 = Debug|Any CPU
		{43856459-063A-4FA0-AE73-B464938A0183}.Debug|iPhoneSimulator.Deploy.0 = Debug|Any CPU
		{43856459-063A-4FA0-AE73-B464938A0183}.Release|Any CPU.ActiveCfg = Release|Any CPU
		{43856459-063A-4FA0-AE73-B464938A0183}.Release|Any CPU.Build.0 = Release|Any CPU
		{43856459-063A-4FA0-AE73-B464938A0183}.Release|Any CPU.Deploy.0 = Release|Any CPU
		{43856459-063A-4FA0-AE73-B464938A0183}.Release|iPhone.ActiveCfg = Release|Any CPU
		{43856459-063A-4FA0-AE73-B464938A0183}.Release|iPhone.Build.0 = Release|Any CPU
		{43856459-063A-4FA0-AE73-B464938A0183}.Release|iPhone.Deploy.0 = Release|Any CPU
		{43856459-063A-4FA0-AE73-B464938A0183}.Release|iPhoneSimulator.ActiveCfg = Release|Any CPU
		{43856459-063A-4FA0-AE73-B464938A0183}.Release|iPhoneSimulator.Build.0 = Release|Any CPU
		{43856459-063A-4FA0-AE73-B464938A0183}.Release|iPhoneSimulator.Deploy.0 = Release|Any CPU
	EndGlobalSection
	GlobalSection(SolutionProperties) = preSolution
		HideSolutionNode = FALSE
	EndGlobalSection
	GlobalSection(ExtensibilityGlobals) = postSolution
		SolutionGuid = {B6013532-0FB6-412B-8779-47081FE1E827}
	EndGlobalSection
EndGlobal
